
Microsoft Visual Studio Solution File, Format Version 12.00
# Visual Studio Version 16
VisualStudioVersion = 16.0.30114.105
MinimumVisualStudioVersion = 10.0.40219.1
Project("{2150E333-8FDC-42A3-9474-1A3956D46DE8}") = "src", "src", "{ED807F17-5A17-44ED-AF98-EF3F617E73CF}"
EndProject
Project("{FAE04EC0-301F-11D3-BF4B-00C04F79EFBC}") = "MovieApp.Core", "src\MovieApp.Core\MovieApp.Core.csproj", "{53F2E6B6-659B-4F7A-95BB-6F6E51CF30D3}"
EndProject
Project("{FAE04EC0-301F-11D3-BF4B-00C04F79EFBC}") = "MovieApp.RestAPI", "src\MovieApp.RestAPI\MovieApp.RestAPI.csproj", "{27BF63DF-28D4-42F7-8857-97C1AC9CBD93}"
EndProject
Project("{FAE04EC0-301F-11D3-BF4B-00C04F79EFBC}") = "MovieApp.EF", "src\MovieApp.EF\MovieApp.EF.csproj", "{087E8817-C172-4C63-82F3-CE2D5A70159B}"
EndProject
Global
	GlobalSection(SolutionConfigurationPlatforms) = preSolution
		Debug|Any CPU = Debug|Any CPU
		Release|Any CPU = Release|Any CPU
	EndGlobalSection
	GlobalSection(SolutionProperties) = preSolution
		HideSolutionNode = FALSE
	EndGlobalSection
	GlobalSection(ProjectConfigurationPlatforms) = postSolution
		{53F2E6B6-659B-4F7A-95BB-6F6E51CF30D3}.Debug|Any CPU.ActiveCfg = Debug|Any CPU
		{53F2E6B6-659B-4F7A-95BB-6F6E51CF30D3}.Debug|Any CPU.Build.0 = Debug|Any CPU
		{53F2E6B6-659B-4F7A-95BB-6F6E51CF30D3}.Release|Any CPU.ActiveCfg = Release|Any CPU
		{53F2E6B6-659B-4F7A-95BB-6F6E51CF30D3}.Release|Any CPU.Build.0 = Release|Any CPU
		{27BF63DF-28D4-42F7-8857-97C1AC9CBD93}.Debug|Any CPU.ActiveCfg = Debug|Any CPU
		{27BF63DF-28D4-42F7-8857-97C1AC9CBD93}.Debug|Any CPU.Build.0 = Debug|Any CPU
		{27BF63DF-28D4-42F7-8857-97C1AC9CBD93}.Release|Any CPU.ActiveCfg = Release|Any CPU
		{27BF63DF-28D4-42F7-8857-97C1AC9CBD93}.Release|Any CPU.Build.0 = Release|Any CPU
		{087E8817-C172-4C63-82F3-CE2D5A70159B}.Debug|Any CPU.ActiveCfg = Debug|Any CPU
		{087E8817-C172-4C63-82F3-CE2D5A70159B}.Debug|Any CPU.Build.0 = Debug|Any CPU
		{087E8817-C172-4C63-82F3-CE2D5A70159B}.Release|Any CPU.ActiveCfg = Release|Any CPU
		{087E8817-C172-4C63-82F3-CE2D5A70159B}.Release|Any CPU.Build.0 = Release|Any CPU
	EndGlobalSection
	GlobalSection(NestedProjects) = preSolution
		{53F2E6B6-659B-4F7A-95BB-6F6E51CF30D3} = {ED807F17-5A17-44ED-AF98-EF3F617E73CF}
		{27BF63DF-28D4-42F7-8857-97C1AC9CBD93} = {ED807F17-5A17-44ED-AF98-EF3F617E73CF}
		{087E8817-C172-4C63-82F3-CE2D5A70159B} = {ED807F17-5A17-44ED-AF98-EF3F617E73CF}
	EndGlobalSection
EndGlobal
